// !$*UTF8*$!
{
	archiveVersion = 1;
	classes = {
	};
	objectVersion = 50;
	objects = {

/* Begin PBXBuildFile section */
		0A7265472668C4C9003F4AAA /* CalendarControl.framework in Frameworks */ = {isa = PBXBuildFile; fileRef = 0A72653D2668C4C9003F4AAA /* CalendarControl.framework */; };
		0A72654C2668C4C9003F4AAA /* CalendarControlTests.swift in Sources */ = {isa = PBXBuildFile; fileRef = 0A72654B2668C4C9003F4AAA /* CalendarControlTests.swift */; };
		0A72654E2668C4C9003F4AAA /* CalendarControl.h in Headers */ = {isa = PBXBuildFile; fileRef = 0A7265402668C4C9003F4AAA /* CalendarControl.h */; settings = {ATTRIBUTES = (Public, ); }; };
		0ACC040F2673403D001CF7D7 /* Day.swift in Sources */ = {isa = PBXBuildFile; fileRef = 0ACC040E2673403D001CF7D7 /* Day.swift */; };
		0ACC04152673423F001CF7D7 /* MonthMetadata.swift in Sources */ = {isa = PBXBuildFile; fileRef = 0ACC04102673423F001CF7D7 /* MonthMetadata.swift */; };
		0ACC04162673423F001CF7D7 /* CalendarPickerFooterView.swift in Sources */ = {isa = PBXBuildFile; fileRef = 0ACC04112673423F001CF7D7 /* CalendarPickerFooterView.swift */; };
		0ACC04172673423F001CF7D7 /* CalendarPickerViewController.swift in Sources */ = {isa = PBXBuildFile; fileRef = 0ACC04122673423F001CF7D7 /* CalendarPickerViewController.swift */; };
		0ACC04182673423F001CF7D7 /* CalendarDateCollectionViewCell.swift in Sources */ = {isa = PBXBuildFile; fileRef = 0ACC04132673423F001CF7D7 /* CalendarDateCollectionViewCell.swift */; };
		0ACC04192673423F001CF7D7 /* CalendarPickerHeaderView.swift in Sources */ = {isa = PBXBuildFile; fileRef = 0ACC04142673423F001CF7D7 /* CalendarPickerHeaderView.swift */; };
/* End PBXBuildFile section */

/* Begin PBXContainerItemProxy section */
		0A7265482668C4C9003F4AAA /* PBXContainerItemProxy */ = {
			isa = PBXContainerItemProxy;
			containerPortal = 0A7265342668C4C9003F4AAA /* Project object */;
			proxyType = 1;
			remoteGlobalIDString = 0A72653C2668C4C9003F4AAA;
			remoteInfo = CalendarControl;
		};
/* End PBXContainerItemProxy section */

/* Begin PBXFileReference section */
		0A72653D2668C4C9003F4AAA /* CalendarControl.framework */ = {isa = PBXFileReference; explicitFileType = wrapper.framework; includeInIndex = 0; path = CalendarControl.framework; sourceTree = BUILT_PRODUCTS_DIR; };
		0A7265402668C4C9003F4AAA /* CalendarControl.h */ = {isa = PBXFileReference; lastKnownFileType = sourcecode.c.h; path = CalendarControl.h; sourceTree = "<group>"; };
		0A7265412668C4C9003F4AAA /* Info.plist */ = {isa = PBXFileReference; lastKnownFileType = text.plist.xml; path = Info.plist; sourceTree = "<group>"; };
		0A7265462668C4C9003F4AAA /* CalendarControlTests.xctest */ = {isa = PBXFileReference; explicitFileType = wrapper.cfbundle; includeInIndex = 0; path = CalendarControlTests.xctest; sourceTree = BUILT_PRODUCTS_DIR; };
		0A72654B2668C4C9003F4AAA /* CalendarControlTests.swift */ = {isa = PBXFileReference; lastKnownFileType = sourcecode.swift; path = CalendarControlTests.swift; sourceTree = "<group>"; };
		0A72654D2668C4C9003F4AAA /* Info.plist */ = {isa = PBXFileReference; lastKnownFileType = text.plist.xml; path = Info.plist; sourceTree = "<group>"; };
		0ACC040E2673403D001CF7D7 /* Day.swift */ = {isa = PBXFileReference; fileEncoding = 4; lastKnownFileType = sourcecode.swift; path = Day.swift; sourceTree = "<group>"; };
		0ACC04102673423F001CF7D7 /* MonthMetadata.swift */ = {isa = PBXFileReference; fileEncoding = 4; lastKnownFileType = sourcecode.swift; path = MonthMetadata.swift; sourceTree = "<group>"; };
		0ACC04112673423F001CF7D7 /* CalendarPickerFooterView.swift */ = {isa = PBXFileReference; fileEncoding = 4; lastKnownFileType = sourcecode.swift; path = CalendarPickerFooterView.swift; sourceTree = "<group>"; };
		0ACC04122673423F001CF7D7 /* CalendarPickerViewController.swift */ = {isa = PBXFileReference; fileEncoding = 4; lastKnownFileType = sourcecode.swift; path = CalendarPickerViewController.swift; sourceTree = "<group>"; };
		0ACC04132673423F001CF7D7 /* CalendarDateCollectionViewCell.swift */ = {isa = PBXFileReference; fileEncoding = 4; lastKnownFileType = sourcecode.swift; path = CalendarDateCollectionViewCell.swift; sourceTree = "<group>"; };
		0ACC04142673423F001CF7D7 /* CalendarPickerHeaderView.swift */ = {isa = PBXFileReference; fileEncoding = 4; lastKnownFileType = sourcecode.swift; path = CalendarPickerHeaderView.swift; sourceTree = "<group>"; };
/* End PBXFileReference section */

/* Begin PBXFrameworksBuildPhase section */
		0A72653A2668C4C9003F4AAA /* Frameworks */ = {
			isa = PBXFrameworksBuildPhase;
			buildActionMask = 2147483647;
			files = (
			);
			runOnlyForDeploymentPostprocessing = 0;
		};
		0A7265432668C4C9003F4AAA /* Frameworks */ = {
			isa = PBXFrameworksBuildPhase;
			buildActionMask = 2147483647;
			files = (
				0A7265472668C4C9003F4AAA /* CalendarControl.framework in Frameworks */,
			);
			runOnlyForDeploymentPostprocessing = 0;
		};
/* End PBXFrameworksBuildPhase section */

/* Begin PBXGroup section */
		0A7265332668C4C9003F4AAA = {
			isa = PBXGroup;
			children = (
				0A72653F2668C4C9003F4AAA /* CalendarControl */,
				0A72654A2668C4C9003F4AAA /* CalendarControlTests */,
				0A72653E2668C4C9003F4AAA /* Products */,
			);
			sourceTree = "<group>";
		};
		0A72653E2668C4C9003F4AAA /* Products */ = {
			isa = PBXGroup;
			children = (
				0A72653D2668C4C9003F4AAA /* CalendarControl.framework */,
				0A7265462668C4C9003F4AAA /* CalendarControlTests.xctest */,
			);
			name = Products;
			sourceTree = "<group>";
		};
		0A72653F2668C4C9003F4AAA /* CalendarControl */ = {
			isa = PBXGroup;
			children = (
				0ACC041A26734259001CF7D7 /* Model */,
				0ACC041B2673425F001CF7D7 /* View */,
				0ACC041C2673426B001CF7D7 /* Controller */,
				0A7265402668C4C9003F4AAA /* CalendarControl.h */,
				0A7265412668C4C9003F4AAA /* Info.plist */,
			);
			path = CalendarControl;
			sourceTree = "<group>";
		};
		0A72654A2668C4C9003F4AAA /* CalendarControlTests */ = {
			isa = PBXGroup;
			children = (
				0A72654B2668C4C9003F4AAA /* CalendarControlTests.swift */,
				0A72654D2668C4C9003F4AAA /* Info.plist */,
			);
			path = CalendarControlTests;
			sourceTree = "<group>";
		};
		0ACC041A26734259001CF7D7 /* Model */ = {
			isa = PBXGroup;
			children = (
				0ACC040E2673403D001CF7D7 /* Day.swift */,
				0ACC04102673423F001CF7D7 /* MonthMetadata.swift */,
			);
			path = Model;
			sourceTree = "<group>";
		};
		0ACC041B2673425F001CF7D7 /* View */ = {
			isa = PBXGroup;
			children = (
				0ACC04132673423F001CF7D7 /* CalendarDateCollectionViewCell.swift */,
				0ACC04112673423F001CF7D7 /* CalendarPickerFooterView.swift */,
				0ACC04142673423F001CF7D7 /* CalendarPickerHeaderView.swift */,
			);
			path = View;
			sourceTree = "<group>";
		};
		0ACC041C2673426B001CF7D7 /* Controller */ = {
			isa = PBXGroup;
			children = (
				0ACC04122673423F001CF7D7 /* CalendarPickerViewController.swift */,
			);
			path = Controller;
			sourceTree = "<group>";
		};
/* End PBXGroup section */

/* Begin PBXHeadersBuildPhase section */
		0A7265382668C4C9003F4AAA /* Headers */ = {
			isa = PBXHeadersBuildPhase;
			buildActionMask = 2147483647;
			files = (
				0A72654E2668C4C9003F4AAA /* CalendarControl.h in Headers */,
			);
			runOnlyForDeploymentPostprocessing = 0;
		};
/* End PBXHeadersBuildPhase section */

/* Begin PBXNativeTarget section */
		0A72653C2668C4C9003F4AAA /* CalendarControl */ = {
			isa = PBXNativeTarget;
			buildConfigurationList = 0A7265512668C4C9003F4AAA /* Build configuration list for PBXNativeTarget "CalendarControl" */;
			buildPhases = (
				0A7265382668C4C9003F4AAA /* Headers */,
				0A7265392668C4C9003F4AAA /* Sources */,
				0A72653A2668C4C9003F4AAA /* Frameworks */,
				0A72653B2668C4C9003F4AAA /* Resources */,
			);
			buildRules = (
			);
			dependencies = (
			);
			name = CalendarControl;
			productName = CalendarControl;
			productReference = 0A72653D2668C4C9003F4AAA /* CalendarControl.framework */;
			productType = "com.apple.product-type.framework";
		};
		0A7265452668C4C9003F4AAA /* CalendarControlTests */ = {
			isa = PBXNativeTarget;
			buildConfigurationList = 0A7265542668C4C9003F4AAA /* Build configuration list for PBXNativeTarget "CalendarControlTests" */;
			buildPhases = (
				0A7265422668C4C9003F4AAA /* Sources */,
				0A7265432668C4C9003F4AAA /* Frameworks */,
				0A7265442668C4C9003F4AAA /* Resources */,
			);
			buildRules = (
			);
			dependencies = (
				0A7265492668C4C9003F4AAA /* PBXTargetDependency */,
			);
			name = CalendarControlTests;
			productName = CalendarControlTests;
			productReference = 0A7265462668C4C9003F4AAA /* CalendarControlTests.xctest */;
			productType = "com.apple.product-type.bundle.unit-test";
		};
/* End PBXNativeTarget section */

/* Begin PBXProject section */
		0A7265342668C4C9003F4AAA /* Project object */ = {
			isa = PBXProject;
			attributes = {
				LastSwiftUpdateCheck = 1250;
				LastUpgradeCheck = 1250;
				TargetAttributes = {
					0A72653C2668C4C9003F4AAA = {
						CreatedOnToolsVersion = 12.5;
						LastSwiftMigration = 1250;
					};
					0A7265452668C4C9003F4AAA = {
						CreatedOnToolsVersion = 12.5;
					};
				};
			};
			buildConfigurationList = 0A7265372668C4C9003F4AAA /* Build configuration list for PBXProject "CalendarControl" */;
			compatibilityVersion = "Xcode 9.3";
			developmentRegion = en;
			hasScannedForEncodings = 0;
			knownRegions = (
				en,
				Base,
			);
			mainGroup = 0A7265332668C4C9003F4AAA;
			productRefGroup = 0A72653E2668C4C9003F4AAA /* Products */;
			projectDirPath = "";
			projectRoot = "";
			targets = (
				0A72653C2668C4C9003F4AAA /* CalendarControl */,
				0A7265452668C4C9003F4AAA /* CalendarControlTests */,
			);
		};
/* End PBXProject section */

/* Begin PBXResourcesBuildPhase section */
		0A72653B2668C4C9003F4AAA /* Resources */ = {
			isa = PBXResourcesBuildPhase;
			buildActionMask = 2147483647;
			files = (
			);
			runOnlyForDeploymentPostprocessing = 0;
		};
		0A7265442668C4C9003F4AAA /* Resources */ = {
			isa = PBXResourcesBuildPhase;
			buildActionMask = 2147483647;
			files = (
			);
			runOnlyForDeploymentPostprocessing = 0;
		};
/* End PBXResourcesBuildPhase section */

/* Begin PBXSourcesBuildPhase section */
		0A7265392668C4C9003F4AAA /* Sources */ = {
			isa = PBXSourcesBuildPhase;
			buildActionMask = 2147483647;
			files = (
				0ACC04172673423F001CF7D7 /* CalendarPickerViewController.swift in Sources */,
				0ACC04192673423F001CF7D7 /* CalendarPickerHeaderView.swift in Sources */,
				0ACC04182673423F001CF7D7 /* CalendarDateCollectionViewCell.swift in Sources */,
				0ACC040F2673403D001CF7D7 /* Day.swift in Sources */,
				0ACC04152673423F001CF7D7 /* MonthMetadata.swift in Sources */,
				0ACC04162673423F001CF7D7 /* CalendarPickerFooterView.swift in Sources */,
			);
			runOnlyForDeploymentPostprocessing = 0;
		};
		0A7265422668C4C9003F4AAA /* Sources */ = {
			isa = PBXSourcesBuildPhase;
			buildActionMask = 2147483647;
			files = (
				0A72654C2668C4C9003F4AAA /* CalendarControlTests.swift in Sources */,
			);
			runOnlyForDeploymentPostprocessing = 0;
		};
/* End PBXSourcesBuildPhase section */

/* Begin PBXTargetDependency section */
		0A7265492668C4C9003F4AAA /* PBXTargetDependency */ = {
			isa = PBXTargetDependency;
			target = 0A72653C2668C4C9003F4AAA /* CalendarControl */;
			targetProxy = 0A7265482668C4C9003F4AAA /* PBXContainerItemProxy */;
		};
/* End PBXTargetDependency section */

/* Begin XCBuildConfiguration section */
		0A72654F2668C4C9003F4AAA /* Debug */ = {
			isa = XCBuildConfiguration;
			buildSettings = {
				ALWAYS_SEARCH_USER_PATHS = NO;
				BUILD_LIBRARY_FOR_DISTRIBUTION = YES;
				CLANG_ANALYZER_NONNULL = YES;
				CLANG_ANALYZER_NUMBER_OBJECT_CONVERSION = YES_AGGRESSIVE;
				CLANG_CXX_LANGUAGE_STANDARD = "gnu++14";
				CLANG_CXX_LIBRARY = "libc++";
				CLANG_ENABLE_MODULES = YES;
				CLANG_ENABLE_OBJC_ARC = YES;
				CLANG_ENABLE_OBJC_WEAK = YES;
				CLANG_WARN_BLOCK_CAPTURE_AUTORELEASING = YES;
				CLANG_WARN_BOOL_CONVERSION = YES;
				CLANG_WARN_COMMA = YES;
				CLANG_WARN_CONSTANT_CONVERSION = YES;
				CLANG_WARN_DEPRECATED_OBJC_IMPLEMENTATIONS = YES;
				CLANG_WARN_DIRECT_OBJC_ISA_USAGE = YES_ERROR;
				CLANG_WARN_DOCUMENTATION_COMMENTS = YES;
				CLANG_WARN_EMPTY_BODY = YES;
				CLANG_WARN_ENUM_CONVERSION = YES;
				CLANG_WARN_INFINITE_RECURSION = YES;
				CLANG_WARN_INT_CONVERSION = YES;
				CLANG_WARN_NON_LITERAL_NULL_CONVERSION = YES;
				CLANG_WARN_OBJC_IMPLICIT_RETAIN_SELF = YES;
				CLANG_WARN_OBJC_LITERAL_CONVERSION = YES;
				CLANG_WARN_OBJC_ROOT_CLASS = YES_ERROR;
				CLANG_WARN_QUOTED_INCLUDE_IN_FRAMEWORK_HEADER = YES;
				CLANG_WARN_RANGE_LOOP_ANALYSIS = YES;
				CLANG_WARN_STRICT_PROTOTYPES = YES;
				CLANG_WARN_SUSPICIOUS_MOVE = YES;
				CLANG_WARN_UNGUARDED_AVAILABILITY = YES_AGGRESSIVE;
				CLANG_WARN_UNREACHABLE_CODE = YES;
				CLANG_WARN__DUPLICATE_METHOD_MATCH = YES;
				COPY_PHASE_STRIP = NO;
				CURRENT_PROJECT_VERSION = 1;
				DEBUG_INFORMATION_FORMAT = dwarf;
				ENABLE_STRICT_OBJC_MSGSEND = YES;
				ENABLE_TESTABILITY = YES;
				GCC_C_LANGUAGE_STANDARD = gnu11;
				GCC_DYNAMIC_NO_PIC = NO;
				GCC_NO_COMMON_BLOCKS = YES;
				GCC_OPTIMIZATION_LEVEL = 0;
				GCC_PREPROCESSOR_DEFINITIONS = (
					"DEBUG=1",
					"$(inherited)",
				);
				GCC_WARN_64_TO_32_BIT_CONVERSION = YES;
				GCC_WARN_ABOUT_RETURN_TYPE = YES_ERROR;
				GCC_WARN_UNDECLARED_SELECTOR = YES;
				GCC_WARN_UNINITIALIZED_AUTOS = YES_AGGRESSIVE;
				GCC_WARN_UNUSED_FUNCTION = YES;
				GCC_WARN_UNUSED_VARIABLE = YES;
				IPHONEOS_DEPLOYMENT_TARGET = 14.5;
				MTL_ENABLE_DEBUG_INFO = INCLUDE_SOURCE;
				MTL_FAST_MATH = YES;
				ONLY_ACTIVE_ARCH = YES;
				SDKROOT = iphoneos;
				SWIFT_ACTIVE_COMPILATION_CONDITIONS = DEBUG;
				SWIFT_OPTIMIZATION_LEVEL = "-Onone";
				VERSIONING_SYSTEM = "apple-generic";
				VERSION_INFO_PREFIX = "";
			};
			name = Debug;
		};
		0A7265502668C4C9003F4AAA /* Release */ = {
			isa = XCBuildConfiguration;
			buildSettings = {
				ALWAYS_SEARCH_USER_PATHS = NO;
				BUILD_LIBRARY_FOR_DISTRIBUTION = YES;
				CLANG_ANALYZER_NONNULL = YES;
				CLANG_ANALYZER_NUMBER_OBJECT_CONVERSION = YES_AGGRESSIVE;
				CLANG_CXX_LANGUAGE_STANDARD = "gnu++14";
				CLANG_CXX_LIBRARY = "libc++";
				CLANG_ENABLE_MODULES = YES;
				CLANG_ENABLE_OBJC_ARC = YES;
				CLANG_ENABLE_OBJC_WEAK = YES;
				CLANG_WARN_BLOCK_CAPTURE_AUTORELEASING = YES;
				CLANG_WARN_BOOL_CONVERSION = YES;
				CLANG_WARN_COMMA = YES;
				CLANG_WARN_CONSTANT_CONVERSION = YES;
				CLANG_WARN_DEPRECATED_OBJC_IMPLEMENTATIONS = YES;
				CLANG_WARN_DIRECT_OBJC_ISA_USAGE = YES_ERROR;
				CLANG_WARN_DOCUMENTATION_COMMENTS = YES;
				CLANG_WARN_EMPTY_BODY = YES;
				CLANG_WARN_ENUM_CONVERSION = YES;
				CLANG_WARN_INFINITE_RECURSION = YES;
				CLANG_WARN_INT_CONVERSION = YES;
				CLANG_WARN_NON_LITERAL_NULL_CONVERSION = YES;
				CLANG_WARN_OBJC_IMPLICIT_RETAIN_SELF = YES;
				CLANG_WARN_OBJC_LITERAL_CONVERSION = YES;
				CLANG_WARN_OBJC_ROOT_CLASS = YES_ERROR;
				CLANG_WARN_QUOTED_INCLUDE_IN_FRAMEWORK_HEADER = YES;
				CLANG_WARN_RANGE_LOOP_ANALYSIS = YES;
				CLANG_WARN_STRICT_PROTOTYPES = YES;
				CLANG_WARN_SUSPICIOUS_MOVE = YES;
				CLANG_WARN_UNGUARDED_AVAILABILITY = YES_AGGRESSIVE;
				CLANG_WARN_UNREACHABLE_CODE = YES;
				CLANG_WARN__DUPLICATE_METHOD_MATCH = YES;
				COPY_PHASE_STRIP = NO;
				CURRENT_PROJECT_VERSION = 1;
				DEBUG_INFORMATION_FORMAT = "dwarf-with-dsym";
				ENABLE_NS_ASSERTIONS = NO;
				ENABLE_STRICT_OBJC_MSGSEND = YES;
				GCC_C_LANGUAGE_STANDARD = gnu11;
				GCC_NO_COMMON_BLOCKS = YES;
				GCC_WARN_64_TO_32_BIT_CONVERSION = YES;
				GCC_WARN_ABOUT_RETURN_TYPE = YES_ERROR;
				GCC_WARN_UNDECLARED_SELECTOR = YES;
				GCC_WARN_UNINITIALIZED_AUTOS = YES_AGGRESSIVE;
				GCC_WARN_UNUSED_FUNCTION = YES;
				GCC_WARN_UNUSED_VARIABLE = YES;
				IPHONEOS_DEPLOYMENT_TARGET = 14.5;
				MTL_ENABLE_DEBUG_INFO = NO;
				MTL_FAST_MATH = YES;
				SDKROOT = iphoneos;
				SWIFT_COMPILATION_MODE = wholemodule;
				SWIFT_OPTIMIZATION_LEVEL = "-O";
				VALIDATE_PRODUCT = YES;
				VERSIONING_SYSTEM = "apple-generic";
				VERSION_INFO_PREFIX = "";
			};
			name = Release;
		};
		0A7265522668C4C9003F4AAA /* Debug */ = {
			isa = XCBuildConfiguration;
			buildSettings = {
				BUILD_LIBRARY_FOR_DISTRIBUTION = YES;
				CLANG_ENABLE_MODULES = YES;
				CODE_SIGN_STYLE = Automatic;
				DEFINES_MODULE = YES;
				DEVELOPMENT_TEAM = 9XG4BNLLE7;
				DYLIB_COMPATIBILITY_VERSION = 1;
				DYLIB_CURRENT_VERSION = 1;
				DYLIB_INSTALL_NAME_BASE = "@rpath";
				INFOPLIST_FILE = CalendarControl/Info.plist;
				INSTALL_PATH = "$(LOCAL_LIBRARY_DIR)/Frameworks";
				LD_RUNPATH_SEARCH_PATHS = (
					"$(inherited)",
					"@executable_path/Frameworks",
					"@loader_path/Frameworks",
				);
				PRODUCT_BUNDLE_IDENTIFIER = id.co.bithealth.CalendarControl;
				PRODUCT_NAME = "$(TARGET_NAME:c99extidentifier)";
				SKIP_INSTALL = YES;
				SWIFT_OPTIMIZATION_LEVEL = "-Onone";
				SWIFT_VERSION = 5.0;
				TARGETED_DEVICE_FAMILY = "1,2";
			};
			name = Debug;
		};
		0A7265532668C4C9003F4AAA /* Release */ = {
			isa = XCBuildConfiguration;
			buildSettings = {
				BUILD_LIBRARY_FOR_DISTRIBUTION = YES;
				CLANG_ENABLE_MODULES = YES;
				CODE_SIGN_STYLE = Automatic;
				DEFINES_MODULE = YES;
				DEVELOPMENT_TEAM = 9XG4BNLLE7;
				DYLIB_COMPATIBILITY_VERSION = 1;
				DYLIB_CURRENT_VERSION = 1;
				DYLIB_INSTALL_NAME_BASE = "@rpath";
				INFOPLIST_FILE = CalendarControl/Info.plist;
				INSTALL_PATH = "$(LOCAL_LIBRARY_DIR)/Frameworks";
				LD_RUNPATH_SEARCH_PATHS = (
					"$(inherited)",
					"@executable_path/Frameworks",
					"@loader_path/Frameworks",
				);
				PRODUCT_BUNDLE_IDENTIFIER = id.co.bithealth.CalendarControl;
				PRODUCT_NAME = "$(TARGET_NAME:c99extidentifier)";
				SKIP_INSTALL = YES;
				SWIFT_VERSION = 5.0;
				TARGETED_DEVICE_FAMILY = "1,2";
			};
			name = Release;
		};
		0A7265552668C4C9003F4AAA /* Debug */ = {
			isa = XCBuildConfiguration;
			buildSettings = {
				ALWAYS_EMBED_SWIFT_STANDARD_LIBRARIES = YES;
				CODE_SIGN_STYLE = Automatic;
				DEVELOPMENT_TEAM = 9XG4BNLLE7;
				INFOPLIST_FILE = CalendarControlTests/Info.plist;
				LD_RUNPATH_SEARCH_PATHS = (
					"$(inherited)",
					"@executable_path/Frameworks",
					"@loader_path/Frameworks",
				);
				PRODUCT_BUNDLE_IDENTIFIER = id.co.bithealth.CalendarControlTests;
				PRODUCT_NAME = "$(TARGET_NAME)";
				SWIFT_VERSION = 5.0;
				TARGETED_DEVICE_FAMILY = "1,2";
			};
			name = Debug;
		};
		0A7265562668C4C9003F4AAA /* Release */ = {
			isa = XCBuildConfiguration;
			buildSettings = {
				ALWAYS_EMBED_SWIFT_STANDARD_LIBRARIES = YES;
				CODE_SIGN_STYLE = Automatic;
				DEVELOPMENT_TEAM = 9XG4BNLLE7;
				INFOPLIST_FILE = CalendarControlTests/Info.plist;
				LD_RUNPATH_SEARCH_PATHS = (
					"$(inherited)",
					"@executable_path/Frameworks",
					"@loader_path/Frameworks",
				);
				PRODUCT_BUNDLE_IDENTIFIER = id.co.bithealth.CalendarControlTests;
				PRODUCT_NAME = "$(TARGET_NAME)";
				SWIFT_VERSION = 5.0;
				TARGETED_DEVICE_FAMILY = "1,2";
			};
			name = Release;
		};
/* End XCBuildConfiguration section */

/* Begin XCConfigurationList section */
		0A7265372668C4C9003F4AAA /* Build configuration list for PBXProject "CalendarControl" */ = {
			isa = XCConfigurationList;
			buildConfigurations = (
				0A72654F2668C4C9003F4AAA /* Debug */,
				0A7265502668C4C9003F4AAA /* Release */,
			);
			defaultConfigurationIsVisible = 0;
			defaultConfigurationName = Release;
		};
		0A7265512668C4C9003F4AAA /* Build configuration list for PBXNativeTarget "CalendarControl" */ = {
			isa = XCConfigurationList;
			buildConfigurations = (
				0A7265522668C4C9003F4AAA /* Debug */,
				0A7265532668C4C9003F4AAA /* Release */,
			);
			defaultConfigurationIsVisible = 0;
			defaultConfigurationName = Release;
		};
		0A7265542668C4C9003F4AAA /* Build configuration list for PBXNativeTarget "CalendarControlTests" */ = {
			isa = XCConfigurationList;
			buildConfigurations = (
				0A7265552668C4C9003F4AAA /* Debug */,
				0A7265562668C4C9003F4AAA /* Release */,
			);
			defaultConfigurationIsVisible = 0;
			defaultConfigurationName = Release;
		};
/* End XCConfigurationList section */
	};
	rootObject = 0A7265342668C4C9003F4AAA /* Project object */;
}
